// !$*UTF8*$!
{
	archiveVersion = 1;
	classes = {
	};
	objectVersion = 50;
	objects = {

/* Begin PBXBuildFile section */
		143B96F3231A0BCB007ECCC4 /* AppDelegate.swift in Sources */ = {isa = PBXBuildFile; fileRef = 143B96F2231A0BCB007ECCC4 /* AppDelegate.swift */; };
		143B96F8231A0BCB007ECCC4 /* Main.storyboard in Resources */ = {isa = PBXBuildFile; fileRef = 143B96F6231A0BCB007ECCC4 /* Main.storyboard */; };
		143B96FA231A0BCC007ECCC4 /* Assets.xcassets in Resources */ = {isa = PBXBuildFile; fileRef = 143B96F9231A0BCC007ECCC4 /* Assets.xcassets */; };
		143B96FD231A0BCC007ECCC4 /* LaunchScreen.storyboard in Resources */ = {isa = PBXBuildFile; fileRef = 143B96FB231A0BCC007ECCC4 /* LaunchScreen.storyboard */; };
		143B9708231A0BCC007ECCC4 /* HelloWorldTests.swift in Sources */ = {isa = PBXBuildFile; fileRef = 143B9707231A0BCC007ECCC4 /* HelloWorldTests.swift */; };
		143B9713231A0BCC007ECCC4 /* HelloWorldUITests.swift in Sources */ = {isa = PBXBuildFile; fileRef = 143B9712231A0BCC007ECCC4 /* HelloWorldUITests.swift */; };
		143B9721231A140D007ECCC4 /* HelloWorldViewController.swift in Sources */ = {isa = PBXBuildFile; fileRef = 143B9720231A140D007ECCC4 /* HelloWorldViewController.swift */; };
/* End PBXBuildFile section */

/* Begin PBXContainerItemProxy section */
		143B9704231A0BCC007ECCC4 /* PBXContainerItemProxy */ = {
			isa = PBXContainerItemProxy;
			containerPortal = 143B96E7231A0BCB007ECCC4 /* Project object */;
			proxyType = 1;
			remoteGlobalIDString = 143B96EE231A0BCB007ECCC4;
			remoteInfo = HelloWorld;
		};
		143B970F231A0BCC007ECCC4 /* PBXContainerItemProxy */ = {
			isa = PBXContainerItemProxy;
			containerPortal = 143B96E7231A0BCB007ECCC4 /* Project object */;
			proxyType = 1;
			remoteGlobalIDString = 143B96EE231A0BCB007ECCC4;
			remoteInfo = HelloWorld;
		};
/* End PBXContainerItemProxy section */

/* Begin PBXFileReference section */
		143B96EF231A0BCB007ECCC4 /* HelloWorld.app */ = {isa = PBXFileReference; explicitFileType = wrapper.application; includeInIndex = 0; path = HelloWorld.app; sourceTree = BUILT_PRODUCTS_DIR; };
		143B96F2231A0BCB007ECCC4 /* AppDelegate.swift */ = {isa = PBXFileReference; lastKnownFileType = sourcecode.swift; path = AppDelegate.swift; sourceTree = "<group>"; };
		143B96F7231A0BCB007ECCC4 /* Base */ = {isa = PBXFileReference; lastKnownFileType = file.storyboard; name = Base; path = Base.lproj/Main.storyboard; sourceTree = "<group>"; };
		143B96F9231A0BCC007ECCC4 /* Assets.xcassets */ = {isa = PBXFileReference; lastKnownFileType = folder.assetcatalog; path = Assets.xcassets; sourceTree = "<group>"; };
		143B96FC231A0BCC007ECCC4 /* Base */ = {isa = PBXFileReference; lastKnownFileType = file.storyboard; name = Base; path = Base.lproj/LaunchScreen.storyboard; sourceTree = "<group>"; };
		143B96FE231A0BCC007ECCC4 /* Info.plist */ = {isa = PBXFileReference; lastKnownFileType = text.plist.xml; path = Info.plist; sourceTree = "<group>"; };
		143B9703231A0BCC007ECCC4 /* HelloWorldTests.xctest */ = {isa = PBXFileReference; explicitFileType = wrapper.cfbundle; includeInIndex = 0; path = HelloWorldTests.xctest; sourceTree = BUILT_PRODUCTS_DIR; };
		143B9707231A0BCC007ECCC4 /* HelloWorldTests.swift */ = {isa = PBXFileReference; lastKnownFileType = sourcecode.swift; path = HelloWorldTests.swift; sourceTree = "<group>"; };
		143B9709231A0BCC007ECCC4 /* Info.plist */ = {isa = PBXFileReference; lastKnownFileType = text.plist.xml; path = Info.plist; sourceTree = "<group>"; };
		143B970E231A0BCC007ECCC4 /* HelloWorldUITests.xctest */ = {isa = PBXFileReference; explicitFileType = wrapper.cfbundle; includeInIndex = 0; path = HelloWorldUITests.xctest; sourceTree = BUILT_PRODUCTS_DIR; };
		143B9712231A0BCC007ECCC4 /* HelloWorldUITests.swift */ = {isa = PBXFileReference; lastKnownFileType = sourcecode.swift; path = HelloWorldUITests.swift; sourceTree = "<group>"; };
		143B9714231A0BCC007ECCC4 /* Info.plist */ = {isa = PBXFileReference; lastKnownFileType = text.plist.xml; path = Info.plist; sourceTree = "<group>"; };
		143B9720231A140D007ECCC4 /* HelloWorldViewController.swift */ = {isa = PBXFileReference; lastKnownFileType = sourcecode.swift; path = HelloWorldViewController.swift; sourceTree = "<group>"; };
/* End PBXFileReference section */

/* Begin PBXFrameworksBuildPhase section */
		143B96EC231A0BCB007ECCC4 /* Frameworks */ = {
			isa = PBXFrameworksBuildPhase;
			buildActionMask = 2147483647;
			files = (
			);
			runOnlyForDeploymentPostprocessing = 0;
		};
		143B9700231A0BCC007ECCC4 /* Frameworks */ = {
			isa = PBXFrameworksBuildPhase;
			buildActionMask = 2147483647;
			files = (
			);
			runOnlyForDeploymentPostprocessing = 0;
		};
		143B970B231A0BCC007ECCC4 /* Frameworks */ = {
			isa = PBXFrameworksBuildPhase;
			buildActionMask = 2147483647;
			files = (
			);
			runOnlyForDeploymentPostprocessing = 0;
		};
/* End PBXFrameworksBuildPhase section */

/* Begin PBXGroup section */
		143B96E6231A0BCB007ECCC4 = {
			isa = PBXGroup;
			children = (
				143B96F1231A0BCB007ECCC4 /* HelloWorld */,
				143B9706231A0BCC007ECCC4 /* HelloWorldTests */,
				143B9711231A0BCC007ECCC4 /* HelloWorldUITests */,
				143B96F0231A0BCB007ECCC4 /* Products */,
			);
			sourceTree = "<group>";
		};
		143B96F0231A0BCB007ECCC4 /* Products */ = {
			isa = PBXGroup;
			children = (
				143B96EF231A0BCB007ECCC4 /* HelloWorld.app */,
				143B9703231A0BCC007ECCC4 /* HelloWorldTests.xctest */,
				143B970E231A0BCC007ECCC4 /* HelloWorldUITests.xctest */,
			);
			name = Products;
			sourceTree = "<group>";
		};
		143B96F1231A0BCB007ECCC4 /* HelloWorld */ = {
			isa = PBXGroup;
			children = (
				143B96F2231A0BCB007ECCC4 /* AppDelegate.swift */,
				143B96F6231A0BCB007ECCC4 /* Main.storyboard */,
				143B96F9231A0BCC007ECCC4 /* Assets.xcassets */,
				143B96FB231A0BCC007ECCC4 /* LaunchScreen.storyboard */,
				143B96FE231A0BCC007ECCC4 /* Info.plist */,
				143B9720231A140D007ECCC4 /* HelloWorldViewController.swift */,
			);
			path = HelloWorld;
			sourceTree = "<group>";
		};
		143B9706231A0BCC007ECCC4 /* HelloWorldTests */ = {
			isa = PBXGroup;
			children = (
				143B9707231A0BCC007ECCC4 /* HelloWorldTests.swift */,
				143B9709231A0BCC007ECCC4 /* Info.plist */,
			);
			path = HelloWorldTests;
			sourceTree = "<group>";
		};
		143B9711231A0BCC007ECCC4 /* HelloWorldUITests */ = {
			isa = PBXGroup;
			children = (
				143B9712231A0BCC007ECCC4 /* HelloWorldUITests.swift */,
				143B9714231A0BCC007ECCC4 /* Info.plist */,
			);
			path = HelloWorldUITests;
			sourceTree = "<group>";
		};
/* End PBXGroup section */

/* Begin PBXNativeTarget section */
		143B96EE231A0BCB007ECCC4 /* HelloWorld */ = {
			isa = PBXNativeTarget;
			buildConfigurationList = 143B9717231A0BCC007ECCC4 /* Build configuration list for PBXNativeTarget "HelloWorld" */;
			buildPhases = (
				143B96EB231A0BCB007ECCC4 /* Sources */,
				143B96EC231A0BCB007ECCC4 /* Frameworks */,
				143B96ED231A0BCB007ECCC4 /* Resources */,
			);
			buildRules = (
			);
			dependencies = (
			);
			name = HelloWorld;
			productName = HelloWorld;
			productReference = 143B96EF231A0BCB007ECCC4 /* HelloWorld.app */;
			productType = "com.apple.product-type.application";
		};
		143B9702231A0BCC007ECCC4 /* HelloWorldTests */ = {
			isa = PBXNativeTarget;
			buildConfigurationList = 143B971A231A0BCC007ECCC4 /* Build configuration list for PBXNativeTarget "HelloWorldTests" */;
			buildPhases = (
				143B96FF231A0BCC007ECCC4 /* Sources */,
				143B9700231A0BCC007ECCC4 /* Frameworks */,
				143B9701231A0BCC007ECCC4 /* Resources */,
			);
			buildRules = (
			);
			dependencies = (
				143B9705231A0BCC007ECCC4 /* PBXTargetDependency */,
			);
			name = HelloWorldTests;
			productName = HelloWorldTests;
			productReference = 143B9703231A0BCC007ECCC4 /* HelloWorldTests.xctest */;
			productType = "com.apple.product-type.bundle.unit-test";
		};
		143B970D231A0BCC007ECCC4 /* HelloWorldUITests */ = {
			isa = PBXNativeTarget;
			buildConfigurationList = 143B971D231A0BCC007ECCC4 /* Build configuration list for PBXNativeTarget "HelloWorldUITests" */;
			buildPhases = (
				143B970A231A0BCC007ECCC4 /* Sources */,
				143B970B231A0BCC007ECCC4 /* Frameworks */,
				143B970C231A0BCC007ECCC4 /* Resources */,
			);
			buildRules = (
			);
			dependencies = (
				143B9710231A0BCC007ECCC4 /* PBXTargetDependency */,
			);
			name = HelloWorldUITests;
			productName = HelloWorldUITests;
			productReference = 143B970E231A0BCC007ECCC4 /* HelloWorldUITests.xctest */;
			productType = "com.apple.product-type.bundle.ui-testing";
		};
/* End PBXNativeTarget section */

/* Begin PBXProject section */
		143B96E7231A0BCB007ECCC4 /* Project object */ = {
			isa = PBXProject;
			attributes = {
				LastSwiftUpdateCheck = 1030;
				LastUpgradeCheck = 1030;
				ORGANIZATIONNAME = "Armaja LaRue-Hill";
				TargetAttributes = {
					143B96EE231A0BCB007ECCC4 = {
						CreatedOnToolsVersion = 10.3;
					};
					143B9702231A0BCC007ECCC4 = {
						CreatedOnToolsVersion = 10.3;
						TestTargetID = 143B96EE231A0BCB007ECCC4;
					};
					143B970D231A0BCC007ECCC4 = {
						CreatedOnToolsVersion = 10.3;
						TestTargetID = 143B96EE231A0BCB007ECCC4;
					};
				};
			};
			buildConfigurationList = 143B96EA231A0BCB007ECCC4 /* Build configuration list for PBXProject "HelloWorld" */;
			compatibilityVersion = "Xcode 9.3";
			developmentRegion = en;
			hasScannedForEncodings = 0;
			knownRegions = (
				en,
				Base,
			);
			mainGroup = 143B96E6231A0BCB007ECCC4;
			productRefGroup = 143B96F0231A0BCB007ECCC4 /* Products */;
			projectDirPath = "";
			projectRoot = "";
			targets = (
				143B96EE231A0BCB007ECCC4 /* HelloWorld */,
				143B9702231A0BCC007ECCC4 /* HelloWorldTests */,
				143B970D231A0BCC007ECCC4 /* HelloWorldUITests */,
			);
		};
/* End PBXProject section */

/* Begin PBXResourcesBuildPhase section */
		143B96ED231A0BCB007ECCC4 /* Resources */ = {
			isa = PBXResourcesBuildPhase;
			buildActionMask = 2147483647;
			files = (
				143B96FD231A0BCC007ECCC4 /* LaunchScreen.storyboard in Resources */,
				143B96FA231A0BCC007ECCC4 /* Assets.xcassets in Resources */,
				143B96F8231A0BCB007ECCC4 /* Main.storyboard in Resources */,
			);
			runOnlyForDeploymentPostprocessing = 0;
		};
		143B9701231A0BCC007ECCC4 /* Resources */ = {
			isa = PBXResourcesBuildPhase;
			buildActionMask = 2147483647;
			files = (
			);
			runOnlyForDeploymentPostprocessing = 0;
		};
		143B970C231A0BCC007ECCC4 /* Resources */ = {
			isa = PBXResourcesBuildPhase;
			buildActionMask = 2147483647;
			files = (
			);
			runOnlyForDeploymentPostprocessing = 0;
		};
/* End PBXResourcesBuildPhase section */

/* Begin PBXSourcesBuildPhase section */
		143B96EB231A0BCB007ECCC4 /* Sources */ = {
			isa = PBXSourcesBuildPhase;
			buildActionMask = 2147483647;
			files = (
				143B9721231A140D007ECCC4 /* HelloWorldViewController.swift in Sources */,
				143B96F3231A0BCB007ECCC4 /* AppDelegate.swift in Sources */,
			);
			runOnlyForDeploymentPostprocessing = 0;
		};
		143B96FF231A0BCC007ECCC4 /* Sources */ = {
			isa = PBXSourcesBuildPhase;
			buildActionMask = 2147483647;
			files = (
				143B9708231A0BCC007ECCC4 /* HelloWorldTests.swift in Sources */,
			);
			runOnlyForDeploymentPostprocessing = 0;
		};
		143B970A231A0BCC007ECCC4 /* Sources */ = {
			isa = PBXSourcesBuildPhase;
			buildActionMask = 2147483647;
			files = (
				143B9713231A0BCC007ECCC4 /* HelloWorldUITests.swift in Sources */,
			);
			runOnlyForDeploymentPostprocessing = 0;
		};
/* End PBXSourcesBuildPhase section */

/* Begin PBXTargetDependency section */
		143B9705231A0BCC007ECCC4 /* PBXTargetDependency */ = {
			isa = PBXTargetDependency;
			target = 143B96EE231A0BCB007ECCC4 /* HelloWorld */;
			targetProxy = 143B9704231A0BCC007ECCC4 /* PBXContainerItemProxy */;
		};
		143B9710231A0BCC007ECCC4 /* PBXTargetDependency */ = {
			isa = PBXTargetDependency;
			target = 143B96EE231A0BCB007ECCC4 /* HelloWorld */;
			targetProxy = 143B970F231A0BCC007ECCC4 /* PBXContainerItemProxy */;
		};
/* End PBXTargetDependency section */

/* Begin PBXVariantGroup section */
		143B96F6231A0BCB007ECCC4 /* Main.storyboard */ = {
			isa = PBXVariantGroup;
			children = (
				143B96F7231A0BCB007ECCC4 /* Base */,
			);
			name = Main.storyboard;
			sourceTree = "<group>";
		};
		143B96FB231A0BCC007ECCC4 /* LaunchScreen.storyboard */ = {
			isa = PBXVariantGroup;
			children = (
				143B96FC231A0BCC007ECCC4 /* Base */,
			);
			name = LaunchScreen.storyboard;
			sourceTree = "<group>";
		};
/* End PBXVariantGroup section */

/* Begin XCBuildConfiguration section */
		143B9715231A0BCC007ECCC4 /* Debug */ = {
			isa = XCBuildConfiguration;
			buildSettings = {
				ALWAYS_SEARCH_USER_PATHS = NO;
				CLANG_ANALYZER_NONNULL = YES;
				CLANG_ANALYZER_NUMBER_OBJECT_CONVERSION = YES_AGGRESSIVE;
				CLANG_CXX_LANGUAGE_STANDARD = "gnu++14";
				CLANG_CXX_LIBRARY = "libc++";
				CLANG_ENABLE_MODULES = YES;
				CLANG_ENABLE_OBJC_ARC = YES;
				CLANG_ENABLE_OBJC_WEAK = YES;
				CLANG_WARN_BLOCK_CAPTURE_AUTORELEASING = YES;
				CLANG_WARN_BOOL_CONVERSION = YES;
				CLANG_WARN_COMMA = YES;
				CLANG_WARN_CONSTANT_CONVERSION = YES;
				CLANG_WARN_DEPRECATED_OBJC_IMPLEMENTATIONS = YES;
				CLANG_WARN_DIRECT_OBJC_ISA_USAGE = YES_ERROR;
				CLANG_WARN_DOCUMENTATION_COMMENTS = YES;
				CLANG_WARN_EMPTY_BODY = YES;
				CLANG_WARN_ENUM_CONVERSION = YES;
				CLANG_WARN_INFINITE_RECURSION = YES;
				CLANG_WARN_INT_CONVERSION = YES;
				CLANG_WARN_NON_LITERAL_NULL_CONVERSION = YES;
				CLANG_WARN_OBJC_IMPLICIT_RETAIN_SELF = YES;
				CLANG_WARN_OBJC_LITERAL_CONVERSION = YES;
				CLANG_WARN_OBJC_ROOT_CLASS = YES_ERROR;
				CLANG_WARN_RANGE_LOOP_ANALYSIS = YES;
				CLANG_WARN_STRICT_PROTOTYPES = YES;
				CLANG_WARN_SUSPICIOUS_MOVE = YES;
				CLANG_WARN_UNGUARDED_AVAILABILITY = YES_AGGRESSIVE;
				CLANG_WARN_UNREACHABLE_CODE = YES;
				CLANG_WARN__DUPLICATE_METHOD_MATCH = YES;
				CODE_SIGN_IDENTITY = "iPhone Developer";
				COPY_PHASE_STRIP = NO;
				DEBUG_INFORMATION_FORMAT = dwarf;
				ENABLE_STRICT_OBJC_MSGSEND = YES;
				ENABLE_TESTABILITY = YES;
				GCC_C_LANGUAGE_STANDARD = gnu11;
				GCC_DYNAMIC_NO_PIC = NO;
				GCC_NO_COMMON_BLOCKS = YES;
				GCC_OPTIMIZATION_LEVEL = 0;
				GCC_PREPROCESSOR_DEFINITIONS = (
					"DEBUG=1",
					"$(inherited)",
				);
				GCC_WARN_64_TO_32_BIT_CONVERSION = YES;
				GCC_WARN_ABOUT_RETURN_TYPE = YES_ERROR;
				GCC_WARN_UNDECLARED_SELECTOR = YES;
				GCC_WARN_UNINITIALIZED_AUTOS = YES_AGGRESSIVE;
				GCC_WARN_UNUSED_FUNCTION = YES;
				GCC_WARN_UNUSED_VARIABLE = YES;
				IPHONEOS_DEPLOYMENT_TARGET = 12.4;
				MTL_ENABLE_DEBUG_INFO = INCLUDE_SOURCE;
				MTL_FAST_MATH = YES;
				ONLY_ACTIVE_ARCH = YES;
				SDKROOT = iphoneos;
				SWIFT_ACTIVE_COMPILATION_CONDITIONS = DEBUG;
				SWIFT_OPTIMIZATION_LEVEL = "-Onone";
			};
			name = Debug;
		};
		143B9716231A0BCC007ECCC4 /* Release */ = {
			isa = XCBuildConfiguration;
			buildSettings = {
				ALWAYS_SEARCH_USER_PATHS = NO;
				CLANG_ANALYZER_NONNULL = YES;
				CLANG_ANALYZER_NUMBER_OBJECT_CONVERSION = YES_AGGRESSIVE;
				CLANG_CXX_LANGUAGE_STANDARD = "gnu++14";
				CLANG_CXX_LIBRARY = "libc++";
				CLANG_ENABLE_MODULES = YES;
				CLANG_ENABLE_OBJC_ARC = YES;
				CLANG_ENABLE_OBJC_WEAK = YES;
				CLANG_WARN_BLOCK_CAPTURE_AUTORELEASING = YES;
				CLANG_WARN_BOOL_CONVERSION = YES;
				CLANG_WARN_COMMA = YES;
				CLANG_WARN_CONSTANT_CONVERSION = YES;
				CLANG_WARN_DEPRECATED_OBJC_IMPLEMENTATIONS = YES;
				CLANG_WARN_DIRECT_OBJC_ISA_USAGE = YES_ERROR;
				CLANG_WARN_DOCUMENTATION_COMMENTS = YES;
				CLANG_WARN_EMPTY_BODY = YES;
				CLANG_WARN_ENUM_CONVERSION = YES;
				CLANG_WARN_INFINITE_RECURSION = YES;
				CLANG_WARN_INT_CONVERSION = YES;
				CLANG_WARN_NON_LITERAL_NULL_CONVERSION = YES;
				CLANG_WARN_OBJC_IMPLICIT_RETAIN_SELF = YES;
				CLANG_WARN_OBJC_LITERAL_CONVERSION = YES;
				CLANG_WARN_OBJC_ROOT_CLASS = YES_ERROR;
				CLANG_WARN_RANGE_LOOP_ANALYSIS = YES;
				CLANG_WARN_STRICT_PROTOTYPES = YES;
				CLANG_WARN_SUSPICIOUS_MOVE = YES;
				CLANG_WARN_UNGUARDED_AVAILABILITY = YES_AGGRESSIVE;
				CLANG_WARN_UNREACHABLE_CODE = YES;
				CLANG_WARN__DUPLICATE_METHOD_MATCH = YES;
				CODE_SIGN_IDENTITY = "iPhone Developer";
				COPY_PHASE_STRIP = NO;
				DEBUG_INFORMATION_FORMAT = "dwarf-with-dsym";
				ENABLE_NS_ASSERTIONS = NO;
				ENABLE_STRICT_OBJC_MSGSEND = YES;
				GCC_C_LANGUAGE_STANDARD = gnu11;
				GCC_NO_COMMON_BLOCKS = YES;
				GCC_WARN_64_TO_32_BIT_CONVERSION = YES;
				GCC_WARN_ABOUT_RETURN_TYPE = YES_ERROR;
				GCC_WARN_UNDECLARED_SELECTOR = YES;
				GCC_WARN_UNINITIALIZED_AUTOS = YES_AGGRESSIVE;
				GCC_WARN_UNUSED_FUNCTION = YES;
				GCC_WARN_UNUSED_VARIABLE = YES;
				IPHONEOS_DEPLOYMENT_TARGET = 12.4;
				MTL_ENABLE_DEBUG_INFO = NO;
				MTL_FAST_MATH = YES;
				SDKROOT = iphoneos;
				SWIFT_COMPILATION_MODE = wholemodule;
				SWIFT_OPTIMIZATION_LEVEL = "-O";
				VALIDATE_PRODUCT = YES;
			};
			name = Release;
		};
		143B9718231A0BCC007ECCC4 /* Debug */ = {
			isa = XCBuildConfiguration;
			buildSettings = {
				ASSETCATALOG_COMPILER_APPICON_NAME = AppIcon;
				CODE_SIGN_STYLE = Automatic;
				DEVELOPMENT_TEAM = PR4DKU7GZT;
				INFOPLIST_FILE = HelloWorld/Info.plist;
				LD_RUNPATH_SEARCH_PATHS = (
					"$(inherited)",
					"@executable_path/Frameworks",
				);
				PRODUCT_BUNDLE_IDENTIFIER = com.example.HelloWorld8296.HelloWorld;
				PRODUCT_NAME = "$(TARGET_NAME)";
				SWIFT_VERSION = 5.0;
				TARGETED_DEVICE_FAMILY = "1,2";
			};
			name = Debug;
		};
		143B9719231A0BCC007ECCC4 /* Release */ = {
			isa = XCBuildConfiguration;
			buildSettings = {
				ASSETCATALOG_COMPILER_APPICON_NAME = AppIcon;
				CODE_SIGN_STYLE = Automatic;
				DEVELOPMENT_TEAM = PR4DKU7GZT;
				INFOPLIST_FILE = HelloWorld/Info.plist;
				LD_RUNPATH_SEARCH_PATHS = (
					"$(inherited)",
					"@executable_path/Frameworks",
				);
				PRODUCT_BUNDLE_IDENTIFIER = com.example.HelloWorld8296.HelloWorld;
				PRODUCT_NAME = "$(TARGET_NAME)";
				SWIFT_VERSION = 5.0;
				TARGETED_DEVICE_FAMILY = "1,2";
			};
			name = Release;
		};
		143B971B231A0BCC007ECCC4 /* Debug */ = {
			isa = XCBuildConfiguration;
			buildSettings = {
				ALWAYS_EMBED_SWIFT_STANDARD_LIBRARIES = YES;
				BUNDLE_LOADER = "$(TEST_HOST)";
				CODE_SIGN_STYLE = Automatic;
				DEVELOPMENT_TEAM = PR4DKU7GZT;
				INFOPLIST_FILE = HelloWorldTests/Info.plist;
				LD_RUNPATH_SEARCH_PATHS = (
					"$(inherited)",
					"@executable_path/Frameworks",
					"@loader_path/Frameworks",
				);
				PRODUCT_BUNDLE_IDENTIFIER = com.example.HelloWorld8296.HelloWorldTests;
				PRODUCT_NAME = "$(TARGET_NAME)";
				SWIFT_VERSION = 5.0;
				TARGETED_DEVICE_FAMILY = "1,2";
				TEST_HOST = "$(BUILT_PRODUCTS_DIR)/HelloWorld.app/HelloWorld";
			};
			name = Debug;
		};
		143B971C231A0BCC007ECCC4 /* Release */ = {
			isa = XCBuildConfiguration;
			buildSettings = {
				ALWAYS_EMBED_SWIFT_STANDARD_LIBRARIES = YES;
				BUNDLE_LOADER = "$(TEST_HOST)";
				CODE_SIGN_STYLE = Automatic;
				DEVELOPMENT_TEAM = PR4DKU7GZT;
				INFOPLIST_FILE = HelloWorldTests/Info.plist;
				LD_RUNPATH_SEARCH_PATHS = (
					"$(inherited)",
					"@executable_path/Frameworks",
					"@loader_path/Frameworks",
				);
				PRODUCT_BUNDLE_IDENTIFIER = com.example.HelloWorld8296.HelloWorldTests;
				PRODUCT_NAME = "$(TARGET_NAME)";
				SWIFT_VERSION = 5.0;
				TARGETED_DEVICE_FAMILY = "1,2";
				TEST_HOST = "$(BUILT_PRODUCTS_DIR)/HelloWorld.app/HelloWorld";
			};
			name = Release;
		};
		143B971E231A0BCC007ECCC4 /* Debug */ = {
			isa = XCBuildConfiguration;
			buildSettings = {
				ALWAYS_EMBED_SWIFT_STANDARD_LIBRARIES = YES;
				CODE_SIGN_STYLE = Automatic;
				DEVELOPMENT_TEAM = PR4DKU7GZT;
				INFOPLIST_FILE = HelloWorldUITests/Info.plist;
				LD_RUNPATH_SEARCH_PATHS = (
					"$(inherited)",
					"@executable_path/Frameworks",
					"@loader_path/Frameworks",
				);
				PRODUCT_BUNDLE_IDENTIFIER = com.example.HelloWorld8296.HelloWorldUITests;
				PRODUCT_NAME = "$(TARGET_NAME)";
				SWIFT_VERSION = 5.0;
				TARGETED_DEVICE_FAMILY = "1,2";
				TEST_TARGET_NAME = HelloWorld;
			};
			name = Debug;
		};
		143B971F231A0BCC007ECCC4 /* Release */ = {
			isa = XCBuildConfiguration;
			buildSettings = {
				ALWAYS_EMBED_SWIFT_STANDARD_LIBRARIES = YES;
				CODE_SIGN_STYLE = Automatic;
				DEVELOPMENT_TEAM = PR4DKU7GZT;
				INFOPLIST_FILE = HelloWorldUITests/Info.plist;
				LD_RUNPATH_SEARCH_PATHS = (
					"$(inherited)",
					"@executable_path/Frameworks",
					"@loader_path/Frameworks",
				);
				PRODUCT_BUNDLE_IDENTIFIER = com.example.HelloWorld8296.HelloWorldUITests;
				PRODUCT_NAME = "$(TARGET_NAME)";
				SWIFT_VERSION = 5.0;
				TARGETED_DEVICE_FAMILY = "1,2";
				TEST_TARGET_NAME = HelloWorld;
			};
			name = Release;
		};
/* End XCBuildConfiguration section */

/* Begin XCConfigurationList section */
		143B96EA231A0BCB007ECCC4 /* Build configuration list for PBXProject "HelloWorld" */ = {
			isa = XCConfigurationList;
			buildConfigurations = (
				143B9715231A0BCC007ECCC4 /* Debug */,
				143B9716231A0BCC007ECCC4 /* Release */,
			);
			defaultConfigurationIsVisible = 0;
			defaultConfigurationName = Release;
		};
		143B9717231A0BCC007ECCC4 /* Build configuration list for PBXNativeTarget "HelloWorld" */ = {
			isa = XCConfigurationList;
			buildConfigurations = (
				143B9718231A0BCC007ECCC4 /* Debug */,
				143B9719231A0BCC007ECCC4 /* Release */,
			);
			defaultConfigurationIsVisible = 0;
			defaultConfigurationName = Release;
		};
		143B971A231A0BCC007ECCC4 /* Build configuration list for PBXNativeTarget "HelloWorldTests" */ = {
			isa = XCConfigurationList;
			buildConfigurations = (
				143B971B231A0BCC007ECCC4 /* Debug */,
				143B971C231A0BCC007ECCC4 /* Release */,
			);
			defaultConfigurationIsVisible = 0;
			defaultConfigurationName = Release;
		};
		143B971D231A0BCC007ECCC4 /* Build configuration list for PBXNativeTarget "HelloWorldUITests" */ = {
			isa = XCConfigurationList;
			buildConfigurations = (
				143B971E231A0BCC007ECCC4 /* Debug */,
				143B971F231A0BCC007ECCC4 /* Release */,
			);
			defaultConfigurationIsVisible = 0;
			defaultConfigurationName = Release;
		};
/* End XCConfigurationList section */
	};
	rootObject = 143B96E7231A0BCB007ECCC4 /* Project object */;
}
